
Microsoft Visual Studio Solution File, Format Version 12.00
# Visual Studio Version 17
VisualStudioVersion = 17.9.34723.18
MinimumVisualStudioVersion = 10.0.40219.1
Project("{FAE04EC0-301F-11D3-BF4B-00C04F79EFBC}") = "acolumbaExamen", "acolumbaExamen.csproj", "{4760FAC3-C175-45CC-834E-89CA0D70C39C}"
EndProject
Global
	GlobalSection(SolutionConfigurationPlatforms) = preSolution
		Debug|Any CPU = Debug|Any CPU
		Release|Any CPU = Release|Any CPU
	EndGlobalSection
	GlobalSection(ProjectConfigurationPlatforms) = postSolution
		{4760FAC3-C175-45CC-834E-89CA0D70C39C}.Debug|Any CPU.ActiveCfg = Debug|Any CPU
		{4760FAC3-C175-45CC-834E-89CA0D70C39C}.Debug|Any CPU.Build.0 = Debug|Any CPU
		{4760FAC3-C175-45CC-834E-89CA0D70C39C}.Debug|Any CPU.Deploy.0 = Debug|Any CPU
		{4760FAC3-C175-45CC-834E-89CA0D70C39C}.Release|Any CPU.ActiveCfg = Release|Any CPU
		{4760FAC3-C175-45CC-834E-89CA0D70C39C}.Release|Any CPU.Build.0 = Release|Any CPU
		{4760FAC3-C175-45CC-834E-89CA0D70C39C}.Release|Any CPU.Deploy.0 = Release|Any CPU
	EndGlobalSection
	GlobalSection(SolutionProperties) = preSolution
		HideSolutionNode = FALSE
	EndGlobalSection
	GlobalSection(ExtensibilityGlobals) = postSolution
		SolutionGuid = {21E25E35-74B0-4DDA-A229-56DAF5A9DBDC}
	EndGlobalSection
EndGlobal
